// !$*UTF8*$!
{
	archiveVersion = 1;
	classes = {
	};
	objectVersion = 56;
	objects = {

/* Begin PBXBuildFile section */
		523FC9ED2A95221A0020BB91 /* AddProductView.swift in Sources */ = {isa = PBXBuildFile; fileRef = 523FC9EC2A95221A0020BB91 /* AddProductView.swift */; };
		523FC9EF2A9526AE0020BB91 /* ProductCRUDViewModel.swift in Sources */ = {isa = PBXBuildFile; fileRef = 523FC9EE2A9526AE0020BB91 /* ProductCRUDViewModel.swift */; };
		523FC9F12A9534D80020BB91 /* ApplicationCache.swift in Sources */ = {isa = PBXBuildFile; fileRef = 523FC9F02A9534D80020BB91 /* ApplicationCache.swift */; };
		5241A70F2A96399D0014E794 /* CartRepo.swift in Sources */ = {isa = PBXBuildFile; fileRef = 5241A70E2A96399D0014E794 /* CartRepo.swift */; };
		5241A7112A9639AD0014E794 /* CartRepoImpl.swift in Sources */ = {isa = PBXBuildFile; fileRef = 5241A7102A9639AD0014E794 /* CartRepoImpl.swift */; };
		5241A7132A963A8B0014E794 /* FavouriteRepo.swift in Sources */ = {isa = PBXBuildFile; fileRef = 5241A7122A963A8B0014E794 /* FavouriteRepo.swift */; };
		5241A7152A963B9A0014E794 /* FavouriteRepoImpl.swift in Sources */ = {isa = PBXBuildFile; fileRef = 5241A7142A963B9A0014E794 /* FavouriteRepoImpl.swift */; };
		52472B582A90EDEF0080F93A /* CircularCategoriesView.swift in Sources */ = {isa = PBXBuildFile; fileRef = 52472B572A90EDEF0080F93A /* CircularCategoriesView.swift */; };
		52472B5A2A90F9CF0080F93A /* CartProductView.swift in Sources */ = {isa = PBXBuildFile; fileRef = 52472B592A90F9CF0080F93A /* CartProductView.swift */; };
		525281472A95E71700AE81FB /* ProductRepo.swift in Sources */ = {isa = PBXBuildFile; fileRef = 525281462A95E71700AE81FB /* ProductRepo.swift */; };
		525281492A95E9E200AE81FB /* ProductRepoImpl.swift in Sources */ = {isa = PBXBuildFile; fileRef = 525281482A95E9E200AE81FB /* ProductRepoImpl.swift */; };
		526EA6812A94E17F00B4F9DF /* MainViewModel.swift in Sources */ = {isa = PBXBuildFile; fileRef = 526EA6802A94E17F00B4F9DF /* MainViewModel.swift */; };
		526EA6832A94E34500B4F9DF /* UserDefaultsManager.swift in Sources */ = {isa = PBXBuildFile; fileRef = 526EA6822A94E34400B4F9DF /* UserDefaultsManager.swift */; };
		527400D92A8CA22000053D64 /* CustomViews.swift in Sources */ = {isa = PBXBuildFile; fileRef = 527400D82A8CA22000053D64 /* CustomViews.swift */; };
		527400DB2A8CA29E00053D64 /* RegistrationView.swift in Sources */ = {isa = PBXBuildFile; fileRef = 527400DA2A8CA29E00053D64 /* RegistrationView.swift */; };
		527B9FEC2A8CED7200A60DF6 /* LoginViewModel.swift in Sources */ = {isa = PBXBuildFile; fileRef = 527B9FEB2A8CED7200A60DF6 /* LoginViewModel.swift */; };
		527B9FEE2A8CED8100A60DF6 /* RegistrationViewModel.swift in Sources */ = {isa = PBXBuildFile; fileRef = 527B9FED2A8CED8100A60DF6 /* RegistrationViewModel.swift */; };
		527B9FF02A8CEEB700A60DF6 /* UserValidator.swift in Sources */ = {isa = PBXBuildFile; fileRef = 527B9FEF2A8CEEB700A60DF6 /* UserValidator.swift */; };
		527B9FF22A8CEF0600A60DF6 /* User.swift in Sources */ = {isa = PBXBuildFile; fileRef = 527B9FF12A8CEF0600A60DF6 /* User.swift */; };
		527B9FF42A8CF08100A60DF6 /* Validator.swift in Sources */ = {isa = PBXBuildFile; fileRef = 527B9FF32A8CF08100A60DF6 /* Validator.swift */; };
		527BC2562A932E3300ADF7AF /* CategoryRepo.swift in Sources */ = {isa = PBXBuildFile; fileRef = 527BC2552A932E3300ADF7AF /* CategoryRepo.swift */; };
		527BC2592A932EA800ADF7AF /* CategoryRepoImpl.swift in Sources */ = {isa = PBXBuildFile; fileRef = 527BC2582A932EA800ADF7AF /* CategoryRepoImpl.swift */; };
		527BC25B2A932FB000ADF7AF /* Constants.swift in Sources */ = {isa = PBXBuildFile; fileRef = 527BC25A2A932FB000ADF7AF /* Constants.swift */; };
		527BC25D2A93309500ADF7AF /* HomeViewModel.swift in Sources */ = {isa = PBXBuildFile; fileRef = 527BC25C2A93309500ADF7AF /* HomeViewModel.swift */; };
		5298E3902A9379700023FD80 /* EmailManager.swift in Sources */ = {isa = PBXBuildFile; fileRef = 5298E38F2A9379700023FD80 /* EmailManager.swift */; };
		5298E3922A938C8A0023FD80 /* HTTPStatusMessage.swift in Sources */ = {isa = PBXBuildFile; fileRef = 5298E3912A938C8A0023FD80 /* HTTPStatusMessage.swift */; };
		529FF7192A911D1300F92335 /* FavouriteView.swift in Sources */ = {isa = PBXBuildFile; fileRef = 529FF7182A911D1300F92335 /* FavouriteView.swift */; };
		529FF71B2A911EDA00F92335 /* ProductDetailView.swift in Sources */ = {isa = PBXBuildFile; fileRef = 529FF71A2A911EDA00F92335 /* ProductDetailView.swift */; };
		52A2BA782A8E1D3800B41350 /* SliderView.swift in Sources */ = {isa = PBXBuildFile; fileRef = 52A2BA772A8E1D3800B41350 /* SliderView.swift */; };
		52A5440F2A8BF229004BCFA9 /* FreemanUrbanStoreApp.swift in Sources */ = {isa = PBXBuildFile; fileRef = 52A5440E2A8BF229004BCFA9 /* FreemanUrbanStoreApp.swift */; };
		52A544132A8BF22A004BCFA9 /* Assets.xcassets in Resources */ = {isa = PBXBuildFile; fileRef = 52A544122A8BF22A004BCFA9 /* Assets.xcassets */; };
		52A544162A8BF22A004BCFA9 /* Preview Assets.xcassets in Resources */ = {isa = PBXBuildFile; fileRef = 52A544152A8BF22A004BCFA9 /* Preview Assets.xcassets */; };
		52A544182A8BF22A004BCFA9 /* Persistence.swift in Sources */ = {isa = PBXBuildFile; fileRef = 52A544172A8BF22A004BCFA9 /* Persistence.swift */; };
		52A5441B2A8BF22A004BCFA9 /* FreemanUrbanStore.xcdatamodeld in Sources */ = {isa = PBXBuildFile; fileRef = 52A544192A8BF22A004BCFA9 /* FreemanUrbanStore.xcdatamodeld */; };
		52A5442B2A8BF365004BCFA9 /* LoginView.swift in Sources */ = {isa = PBXBuildFile; fileRef = 52A5442A2A8BF365004BCFA9 /* LoginView.swift */; };
		52A5442D2A8BF628004BCFA9 /* CustomColors.swift in Sources */ = {isa = PBXBuildFile; fileRef = 52A5442C2A8BF628004BCFA9 /* CustomColors.swift */; };
		52A5442F2A8BFAAD004BCFA9 /* CustomImages.swift in Sources */ = {isa = PBXBuildFile; fileRef = 52A5442E2A8BFAAD004BCFA9 /* CustomImages.swift */; };
		52AC6B922A93669C00FB2722 /* Result.swift in Sources */ = {isa = PBXBuildFile; fileRef = 52AC6B912A93669C00FB2722 /* Result.swift */; };
		52AE51E42A94C2BC008BD3B7 /* TaskPerformerFactory.swift in Sources */ = {isa = PBXBuildFile; fileRef = 52AE51E32A94C2BC008BD3B7 /* TaskPerformerFactory.swift */; };
		52AE51E62A94C2DE008BD3B7 /* PerformableTask.swift in Sources */ = {isa = PBXBuildFile; fileRef = 52AE51E52A94C2DE008BD3B7 /* PerformableTask.swift */; };
		52AE51E82A94C2F6008BD3B7 /* GETTaskPerformer.swift in Sources */ = {isa = PBXBuildFile; fileRef = 52AE51E72A94C2F6008BD3B7 /* GETTaskPerformer.swift */; };
		52AE51EA2A94C305008BD3B7 /* POSTTaskPerformer.swift in Sources */ = {isa = PBXBuildFile; fileRef = 52AE51E92A94C305008BD3B7 /* POSTTaskPerformer.swift */; };
		52C570522A8E4C5700048465 /* KeyValue.swift in Sources */ = {isa = PBXBuildFile; fileRef = 52C570512A8E4C5700048465 /* KeyValue.swift */; };
		52C570542A8E5AE500048465 /* ProductCardView.swift in Sources */ = {isa = PBXBuildFile; fileRef = 52C570532A8E5AE500048465 /* ProductCardView.swift */; };
		52C570562A8E5BBC00048465 /* AsyncImageView.swift in Sources */ = {isa = PBXBuildFile; fileRef = 52C570552A8E5BBC00048465 /* AsyncImageView.swift */; };
		52CC17422A9210E0004B18C4 /* HTTPMethods.swift in Sources */ = {isa = PBXBuildFile; fileRef = 52CC17412A9210E0004B18C4 /* HTTPMethods.swift */; };
		52CC17452A92116E004B18C4 /* HTTPRequestExecutor.swift in Sources */ = {isa = PBXBuildFile; fileRef = 52CC17442A92116E004B18C4 /* HTTPRequestExecutor.swift */; };
		52E435DE2A8DF74600547A77 /* MainView.swift in Sources */ = {isa = PBXBuildFile; fileRef = 52E435DD2A8DF74600547A77 /* MainView.swift */; };
		52E435E02A8DFEEF00547A77 /* HomeView.swift in Sources */ = {isa = PBXBuildFile; fileRef = 52E435DF2A8DFEEF00547A77 /* HomeView.swift */; };
		52E435E22A8DFEF500547A77 /* CartView.swift in Sources */ = {isa = PBXBuildFile; fileRef = 52E435E12A8DFEF500547A77 /* CartView.swift */; };
		52E435E42A8DFEFC00547A77 /* AccountView.swift in Sources */ = {isa = PBXBuildFile; fileRef = 52E435E32A8DFEFC00547A77 /* AccountView.swift */; };
		52E435E62A8DFF0400547A77 /* SearchView.swift in Sources */ = {isa = PBXBuildFile; fileRef = 52E435E52A8DFF0400547A77 /* SearchView.swift */; };
		52E435E82A8E020C00547A77 /* ForgotPasswordEmailView.swift in Sources */ = {isa = PBXBuildFile; fileRef = 52E435E72A8E020C00547A77 /* ForgotPasswordEmailView.swift */; };
		52E435EA2A8E021700547A77 /* ForgotPasswordNewPassView.swift in Sources */ = {isa = PBXBuildFile; fileRef = 52E435E92A8E021700547A77 /* ForgotPasswordNewPassView.swift */; };
		52E435EC2A8E021F00547A77 /* OTPView.swift in Sources */ = {isa = PBXBuildFile; fileRef = 52E435EB2A8E021F00547A77 /* OTPView.swift */; };
		52E435EE2A8E098400547A77 /* Navigator.swift in Sources */ = {isa = PBXBuildFile; fileRef = 52E435ED2A8E098400547A77 /* Navigator.swift */; };
		52E855C12A922B0E007E699B /* ReviewCard.swift in Sources */ = {isa = PBXBuildFile; fileRef = 52E855C02A922B0E007E699B /* ReviewCard.swift */; };
		52EEF3172A93A23900DBA343 /* Extensions.swift in Sources */ = {isa = PBXBuildFile; fileRef = 52EEF3162A93A23900DBA343 /* Extensions.swift */; };
		52F9C90F2A8E8BFE00950418 /* Product.swift in Sources */ = {isa = PBXBuildFile; fileRef = 52F9C90E2A8E8BFE00950418 /* Product.swift */; };
		52F9C9112A8E8C7E00950418 /* Category.swift in Sources */ = {isa = PBXBuildFile; fileRef = 52F9C9102A8E8C7E00950418 /* Category.swift */; };
		52F9C9132A8E8D0900950418 /* Review.swift in Sources */ = {isa = PBXBuildFile; fileRef = 52F9C9122A8E8D0900950418 /* Review.swift */; };
/* End PBXBuildFile section */

/* Begin PBXFileReference section */
		523FC9EC2A95221A0020BB91 /* AddProductView.swift */ = {isa = PBXFileReference; lastKnownFileType = sourcecode.swift; path = AddProductView.swift; sourceTree = "<group>"; };
		523FC9EE2A9526AE0020BB91 /* ProductCRUDViewModel.swift */ = {isa = PBXFileReference; lastKnownFileType = sourcecode.swift; path = ProductCRUDViewModel.swift; sourceTree = "<group>"; };
		523FC9F02A9534D80020BB91 /* ApplicationCache.swift */ = {isa = PBXFileReference; lastKnownFileType = sourcecode.swift; path = ApplicationCache.swift; sourceTree = "<group>"; };
		5241A70E2A96399D0014E794 /* CartRepo.swift */ = {isa = PBXFileReference; lastKnownFileType = sourcecode.swift; path = CartRepo.swift; sourceTree = "<group>"; };
		5241A7102A9639AD0014E794 /* CartRepoImpl.swift */ = {isa = PBXFileReference; lastKnownFileType = sourcecode.swift; path = CartRepoImpl.swift; sourceTree = "<group>"; };
		5241A7122A963A8B0014E794 /* FavouriteRepo.swift */ = {isa = PBXFileReference; lastKnownFileType = sourcecode.swift; path = FavouriteRepo.swift; sourceTree = "<group>"; };
		5241A7142A963B9A0014E794 /* FavouriteRepoImpl.swift */ = {isa = PBXFileReference; lastKnownFileType = sourcecode.swift; path = FavouriteRepoImpl.swift; sourceTree = "<group>"; };
		52472B572A90EDEF0080F93A /* CircularCategoriesView.swift */ = {isa = PBXFileReference; lastKnownFileType = sourcecode.swift; path = CircularCategoriesView.swift; sourceTree = "<group>"; };
		52472B592A90F9CF0080F93A /* CartProductView.swift */ = {isa = PBXFileReference; lastKnownFileType = sourcecode.swift; path = CartProductView.swift; sourceTree = "<group>"; };
		525281462A95E71700AE81FB /* ProductRepo.swift */ = {isa = PBXFileReference; lastKnownFileType = sourcecode.swift; path = ProductRepo.swift; sourceTree = "<group>"; };
		525281482A95E9E200AE81FB /* ProductRepoImpl.swift */ = {isa = PBXFileReference; lastKnownFileType = sourcecode.swift; path = ProductRepoImpl.swift; sourceTree = "<group>"; };
		526EA6802A94E17F00B4F9DF /* MainViewModel.swift */ = {isa = PBXFileReference; lastKnownFileType = sourcecode.swift; path = MainViewModel.swift; sourceTree = "<group>"; };
		526EA6822A94E34400B4F9DF /* UserDefaultsManager.swift */ = {isa = PBXFileReference; lastKnownFileType = sourcecode.swift; path = UserDefaultsManager.swift; sourceTree = "<group>"; };
		527400D82A8CA22000053D64 /* CustomViews.swift */ = {isa = PBXFileReference; lastKnownFileType = sourcecode.swift; path = CustomViews.swift; sourceTree = "<group>"; };
		527400DA2A8CA29E00053D64 /* RegistrationView.swift */ = {isa = PBXFileReference; lastKnownFileType = sourcecode.swift; path = RegistrationView.swift; sourceTree = "<group>"; };
		527B9FEB2A8CED7200A60DF6 /* LoginViewModel.swift */ = {isa = PBXFileReference; lastKnownFileType = sourcecode.swift; path = LoginViewModel.swift; sourceTree = "<group>"; };
		527B9FED2A8CED8100A60DF6 /* RegistrationViewModel.swift */ = {isa = PBXFileReference; lastKnownFileType = sourcecode.swift; path = RegistrationViewModel.swift; sourceTree = "<group>"; };
		527B9FEF2A8CEEB700A60DF6 /* UserValidator.swift */ = {isa = PBXFileReference; lastKnownFileType = sourcecode.swift; path = UserValidator.swift; sourceTree = "<group>"; };
		527B9FF12A8CEF0600A60DF6 /* User.swift */ = {isa = PBXFileReference; lastKnownFileType = sourcecode.swift; path = User.swift; sourceTree = "<group>"; };
		527B9FF32A8CF08100A60DF6 /* Validator.swift */ = {isa = PBXFileReference; lastKnownFileType = sourcecode.swift; path = Validator.swift; sourceTree = "<group>"; };
		527BC2552A932E3300ADF7AF /* CategoryRepo.swift */ = {isa = PBXFileReference; lastKnownFileType = sourcecode.swift; path = CategoryRepo.swift; sourceTree = "<group>"; };
		527BC2582A932EA800ADF7AF /* CategoryRepoImpl.swift */ = {isa = PBXFileReference; lastKnownFileType = sourcecode.swift; path = CategoryRepoImpl.swift; sourceTree = "<group>"; };
		527BC25A2A932FB000ADF7AF /* Constants.swift */ = {isa = PBXFileReference; lastKnownFileType = sourcecode.swift; path = Constants.swift; sourceTree = "<group>"; };
		527BC25C2A93309500ADF7AF /* HomeViewModel.swift */ = {isa = PBXFileReference; lastKnownFileType = sourcecode.swift; path = HomeViewModel.swift; sourceTree = "<group>"; };
		5298E38F2A9379700023FD80 /* EmailManager.swift */ = {isa = PBXFileReference; lastKnownFileType = sourcecode.swift; path = EmailManager.swift; sourceTree = "<group>"; };
		5298E3912A938C8A0023FD80 /* HTTPStatusMessage.swift */ = {isa = PBXFileReference; lastKnownFileType = sourcecode.swift; path = HTTPStatusMessage.swift; sourceTree = "<group>"; };
		529FF7182A911D1300F92335 /* FavouriteView.swift */ = {isa = PBXFileReference; lastKnownFileType = sourcecode.swift; path = FavouriteView.swift; sourceTree = "<group>"; };
		529FF71A2A911EDA00F92335 /* ProductDetailView.swift */ = {isa = PBXFileReference; lastKnownFileType = sourcecode.swift; path = ProductDetailView.swift; sourceTree = "<group>"; };
		52A2BA772A8E1D3800B41350 /* SliderView.swift */ = {isa = PBXFileReference; lastKnownFileType = sourcecode.swift; path = SliderView.swift; sourceTree = "<group>"; };
		52A5440B2A8BF229004BCFA9 /* FreemanUrbanStore.app */ = {isa = PBXFileReference; explicitFileType = wrapper.application; includeInIndex = 0; path = FreemanUrbanStore.app; sourceTree = BUILT_PRODUCTS_DIR; };
		52A5440E2A8BF229004BCFA9 /* FreemanUrbanStoreApp.swift */ = {isa = PBXFileReference; lastKnownFileType = sourcecode.swift; path = FreemanUrbanStoreApp.swift; sourceTree = "<group>"; };
		52A544122A8BF22A004BCFA9 /* Assets.xcassets */ = {isa = PBXFileReference; lastKnownFileType = folder.assetcatalog; path = Assets.xcassets; sourceTree = "<group>"; };
		52A544152A8BF22A004BCFA9 /* Preview Assets.xcassets */ = {isa = PBXFileReference; lastKnownFileType = folder.assetcatalog; path = "Preview Assets.xcassets"; sourceTree = "<group>"; };
		52A544172A8BF22A004BCFA9 /* Persistence.swift */ = {isa = PBXFileReference; lastKnownFileType = sourcecode.swift; path = Persistence.swift; sourceTree = "<group>"; };
		52A5441A2A8BF22A004BCFA9 /* FreemanUrbanStore.xcdatamodel */ = {isa = PBXFileReference; lastKnownFileType = wrapper.xcdatamodel; path = FreemanUrbanStore.xcdatamodel; sourceTree = "<group>"; };
		52A5442A2A8BF365004BCFA9 /* LoginView.swift */ = {isa = PBXFileReference; lastKnownFileType = sourcecode.swift; path = LoginView.swift; sourceTree = "<group>"; };
		52A5442C2A8BF628004BCFA9 /* CustomColors.swift */ = {isa = PBXFileReference; lastKnownFileType = sourcecode.swift; path = CustomColors.swift; sourceTree = "<group>"; };
		52A5442E2A8BFAAD004BCFA9 /* CustomImages.swift */ = {isa = PBXFileReference; lastKnownFileType = sourcecode.swift; path = CustomImages.swift; sourceTree = "<group>"; };
		52AC6B912A93669C00FB2722 /* Result.swift */ = {isa = PBXFileReference; lastKnownFileType = sourcecode.swift; path = Result.swift; sourceTree = "<group>"; };
		52AE51E32A94C2BC008BD3B7 /* TaskPerformerFactory.swift */ = {isa = PBXFileReference; lastKnownFileType = sourcecode.swift; path = TaskPerformerFactory.swift; sourceTree = "<group>"; };
		52AE51E52A94C2DE008BD3B7 /* PerformableTask.swift */ = {isa = PBXFileReference; lastKnownFileType = sourcecode.swift; path = PerformableTask.swift; sourceTree = "<group>"; };
		52AE51E72A94C2F6008BD3B7 /* GETTaskPerformer.swift */ = {isa = PBXFileReference; lastKnownFileType = sourcecode.swift; path = GETTaskPerformer.swift; sourceTree = "<group>"; };
		52AE51E92A94C305008BD3B7 /* POSTTaskPerformer.swift */ = {isa = PBXFileReference; lastKnownFileType = sourcecode.swift; path = POSTTaskPerformer.swift; sourceTree = "<group>"; };
		52C570512A8E4C5700048465 /* KeyValue.swift */ = {isa = PBXFileReference; lastKnownFileType = sourcecode.swift; path = KeyValue.swift; sourceTree = "<group>"; };
		52C570532A8E5AE500048465 /* ProductCardView.swift */ = {isa = PBXFileReference; lastKnownFileType = sourcecode.swift; path = ProductCardView.swift; sourceTree = "<group>"; };
		52C570552A8E5BBC00048465 /* AsyncImageView.swift */ = {isa = PBXFileReference; lastKnownFileType = sourcecode.swift; path = AsyncImageView.swift; sourceTree = "<group>"; };
		52CC17412A9210E0004B18C4 /* HTTPMethods.swift */ = {isa = PBXFileReference; lastKnownFileType = sourcecode.swift; path = HTTPMethods.swift; sourceTree = "<group>"; };
		52CC17442A92116E004B18C4 /* HTTPRequestExecutor.swift */ = {isa = PBXFileReference; lastKnownFileType = sourcecode.swift; path = HTTPRequestExecutor.swift; sourceTree = "<group>"; };
		52E435DD2A8DF74600547A77 /* MainView.swift */ = {isa = PBXFileReference; lastKnownFileType = sourcecode.swift; path = MainView.swift; sourceTree = "<group>"; };
		52E435DF2A8DFEEF00547A77 /* HomeView.swift */ = {isa = PBXFileReference; lastKnownFileType = sourcecode.swift; path = HomeView.swift; sourceTree = "<group>"; };
		52E435E12A8DFEF500547A77 /* CartView.swift */ = {isa = PBXFileReference; lastKnownFileType = sourcecode.swift; path = CartView.swift; sourceTree = "<group>"; };
		52E435E32A8DFEFC00547A77 /* AccountView.swift */ = {isa = PBXFileReference; lastKnownFileType = sourcecode.swift; path = AccountView.swift; sourceTree = "<group>"; };
		52E435E52A8DFF0400547A77 /* SearchView.swift */ = {isa = PBXFileReference; lastKnownFileType = sourcecode.swift; path = SearchView.swift; sourceTree = "<group>"; };
		52E435E72A8E020C00547A77 /* ForgotPasswordEmailView.swift */ = {isa = PBXFileReference; lastKnownFileType = sourcecode.swift; path = ForgotPasswordEmailView.swift; sourceTree = "<group>"; };
		52E435E92A8E021700547A77 /* ForgotPasswordNewPassView.swift */ = {isa = PBXFileReference; lastKnownFileType = sourcecode.swift; path = ForgotPasswordNewPassView.swift; sourceTree = "<group>"; };
		52E435EB2A8E021F00547A77 /* OTPView.swift */ = {isa = PBXFileReference; lastKnownFileType = sourcecode.swift; path = OTPView.swift; sourceTree = "<group>"; };
		52E435ED2A8E098400547A77 /* Navigator.swift */ = {isa = PBXFileReference; lastKnownFileType = sourcecode.swift; path = Navigator.swift; sourceTree = "<group>"; };
		52E855C02A922B0E007E699B /* ReviewCard.swift */ = {isa = PBXFileReference; lastKnownFileType = sourcecode.swift; path = ReviewCard.swift; sourceTree = "<group>"; };
		52EEF3162A93A23900DBA343 /* Extensions.swift */ = {isa = PBXFileReference; lastKnownFileType = sourcecode.swift; path = Extensions.swift; sourceTree = "<group>"; };
		52F9C90E2A8E8BFE00950418 /* Product.swift */ = {isa = PBXFileReference; lastKnownFileType = sourcecode.swift; path = Product.swift; sourceTree = "<group>"; };
		52F9C9102A8E8C7E00950418 /* Category.swift */ = {isa = PBXFileReference; lastKnownFileType = sourcecode.swift; path = Category.swift; sourceTree = "<group>"; };
		52F9C9122A8E8D0900950418 /* Review.swift */ = {isa = PBXFileReference; lastKnownFileType = sourcecode.swift; path = Review.swift; sourceTree = "<group>"; };
/* End PBXFileReference section */

/* Begin PBXFrameworksBuildPhase section */
		52A544082A8BF229004BCFA9 /* Frameworks */ = {
			isa = PBXFrameworksBuildPhase;
			buildActionMask = 2147483647;
			files = (
			);
			runOnlyForDeploymentPostprocessing = 0;
		};
/* End PBXFrameworksBuildPhase section */

/* Begin PBXGroup section */
		527BC2572A932E9B00ADF7AF /* impl */ = {
			isa = PBXGroup;
			children = (
				5241A7142A963B9A0014E794 /* FavouriteRepoImpl.swift */,
				527BC2582A932EA800ADF7AF /* CategoryRepoImpl.swift */,
				525281482A95E9E200AE81FB /* ProductRepoImpl.swift */,
				5241A7102A9639AD0014E794 /* CartRepoImpl.swift */,
			);
			path = impl;
			sourceTree = "<group>";
		};
		52A2BA762A8E1D2A00B41350 /* view_components */ = {
			isa = PBXGroup;
			children = (
				52A2BA772A8E1D3800B41350 /* SliderView.swift */,
				52C570532A8E5AE500048465 /* ProductCardView.swift */,
				52C570552A8E5BBC00048465 /* AsyncImageView.swift */,
				52472B572A90EDEF0080F93A /* CircularCategoriesView.swift */,
				52472B592A90F9CF0080F93A /* CartProductView.swift */,
				52E855C02A922B0E007E699B /* ReviewCard.swift */,
			);
			path = view_components;
			sourceTree = "<group>";
		};
		52A544022A8BF229004BCFA9 = {
			isa = PBXGroup;
			children = (
				52A5440D2A8BF229004BCFA9 /* FreemanUrbanStore */,
				52A5440C2A8BF229004BCFA9 /* Products */,
			);
			sourceTree = "<group>";
		};
		52A5440C2A8BF229004BCFA9 /* Products */ = {
			isa = PBXGroup;
			children = (
				52A5440B2A8BF229004BCFA9 /* FreemanUrbanStore.app */,
			);
			name = Products;
			sourceTree = "<group>";
		};
		52A5440D2A8BF229004BCFA9 /* FreemanUrbanStore */ = {
			isa = PBXGroup;
			children = (
				52A544282A8BF2E7004BCFA9 /* core */,
				52A544252A8BF25F004BCFA9 /* viewmodel */,
				52A544242A8BF251004BCFA9 /* domain */,
				52A544232A8BF24C004BCFA9 /* data */,
				52A544212A8BF23B004BCFA9 /* view */,
				52A5440E2A8BF229004BCFA9 /* FreemanUrbanStoreApp.swift */,
				52A544122A8BF22A004BCFA9 /* Assets.xcassets */,
				52A544172A8BF22A004BCFA9 /* Persistence.swift */,
				52A544192A8BF22A004BCFA9 /* FreemanUrbanStore.xcdatamodeld */,
				52A544142A8BF22A004BCFA9 /* Preview Content */,
			);
			path = FreemanUrbanStore;
			sourceTree = "<group>";
		};
		52A544142A8BF22A004BCFA9 /* Preview Content */ = {
			isa = PBXGroup;
			children = (
				52A544152A8BF22A004BCFA9 /* Preview Assets.xcassets */,
			);
			path = "Preview Content";
			sourceTree = "<group>";
		};
		52A544212A8BF23B004BCFA9 /* view */ = {
			isa = PBXGroup;
			children = (
				52A5442A2A8BF365004BCFA9 /* LoginView.swift */,
				527400DA2A8CA29E00053D64 /* RegistrationView.swift */,
				52E435DD2A8DF74600547A77 /* MainView.swift */,
				52E435DF2A8DFEEF00547A77 /* HomeView.swift */,
				52E435E12A8DFEF500547A77 /* CartView.swift */,
				52E435E32A8DFEFC00547A77 /* AccountView.swift */,
				52E435E52A8DFF0400547A77 /* SearchView.swift */,
				52E435E72A8E020C00547A77 /* ForgotPasswordEmailView.swift */,
				52E435E92A8E021700547A77 /* ForgotPasswordNewPassView.swift */,
				52E435EB2A8E021F00547A77 /* OTPView.swift */,
				529FF7182A911D1300F92335 /* FavouriteView.swift */,
				529FF71A2A911EDA00F92335 /* ProductDetailView.swift */,
				523FC9EC2A95221A0020BB91 /* AddProductView.swift */,
			);
			path = view;
			sourceTree = "<group>";
		};
		52A544232A8BF24C004BCFA9 /* data */ = {
			isa = PBXGroup;
			children = (
				527BC2572A932E9B00ADF7AF /* impl */,
				52A544272A8BF2DA004BCFA9 /* repo */,
			);
			path = data;
			sourceTree = "<group>";
		};
		52A544242A8BF251004BCFA9 /* domain */ = {
			isa = PBXGroup;
			children = (
				52A544292A8BF31B004BCFA9 /* model */,
				52A544262A8BF2D2004BCFA9 /* usecase */,
				523FC9F02A9534D80020BB91 /* ApplicationCache.swift */,
			);
			path = domain;
			sourceTree = "<group>";
		};
		52A544252A8BF25F004BCFA9 /* viewmodel */ = {
			isa = PBXGroup;
			children = (
				527B9FEB2A8CED7200A60DF6 /* LoginViewModel.swift */,
				527B9FED2A8CED8100A60DF6 /* RegistrationViewModel.swift */,
				527BC25C2A93309500ADF7AF /* HomeViewModel.swift */,
				526EA6802A94E17F00B4F9DF /* MainViewModel.swift */,
				523FC9EE2A9526AE0020BB91 /* ProductCRUDViewModel.swift */,
			);
			path = viewmodel;
			sourceTree = "<group>";
		};
		52A544262A8BF2D2004BCFA9 /* usecase */ = {
			isa = PBXGroup;
			children = (
				527B9FEF2A8CEEB700A60DF6 /* UserValidator.swift */,
				527B9FF32A8CF08100A60DF6 /* Validator.swift */,
				5298E38F2A9379700023FD80 /* EmailManager.swift */,
			);
			path = usecase;
			sourceTree = "<group>";
		};
		52A544272A8BF2DA004BCFA9 /* repo */ = {
			isa = PBXGroup;
			children = (
				527BC2552A932E3300ADF7AF /* CategoryRepo.swift */,
				525281462A95E71700AE81FB /* ProductRepo.swift */,
				5241A70E2A96399D0014E794 /* CartRepo.swift */,
				5241A7122A963A8B0014E794 /* FavouriteRepo.swift */,
			);
			path = repo;
			sourceTree = "<group>";
		};
		52A544282A8BF2E7004BCFA9 /* core */ = {
			isa = PBXGroup;
			children = (
				52CC17432A921109004B18C4 /* HTTPRequestExecutor */,
				52A5442C2A8BF628004BCFA9 /* CustomColors.swift */,
				52A2BA762A8E1D2A00B41350 /* view_components */,
				52A5442E2A8BFAAD004BCFA9 /* CustomImages.swift */,
				527400D82A8CA22000053D64 /* CustomViews.swift */,
				52E435ED2A8E098400547A77 /* Navigator.swift */,
				52EEF3162A93A23900DBA343 /* Extensions.swift */,
				526EA6822A94E34400B4F9DF /* UserDefaultsManager.swift */,
			);
			path = core;
			sourceTree = "<group>";
		};
		52A544292A8BF31B004BCFA9 /* model */ = {
			isa = PBXGroup;
			children = (
				527B9FF12A8CEF0600A60DF6 /* User.swift */,
				52C570512A8E4C5700048465 /* KeyValue.swift */,
				52F9C90E2A8E8BFE00950418 /* Product.swift */,
				52F9C9102A8E8C7E00950418 /* Category.swift */,
				52F9C9122A8E8D0900950418 /* Review.swift */,
				527BC25A2A932FB000ADF7AF /* Constants.swift */,
			);
			path = model;
			sourceTree = "<group>";
		};
		52AE51E22A94C2AB008BD3B7 /* TaskPerformer */ = {
			isa = PBXGroup;
			children = (
				52AE51E32A94C2BC008BD3B7 /* TaskPerformerFactory.swift */,
				52AE51E52A94C2DE008BD3B7 /* PerformableTask.swift */,
				52AE51E72A94C2F6008BD3B7 /* GETTaskPerformer.swift */,
				52AE51E92A94C305008BD3B7 /* POSTTaskPerformer.swift */,
			);
			path = TaskPerformer;
			sourceTree = "<group>";
		};
		52CC17432A921109004B18C4 /* HTTPRequestExecutor */ = {
			isa = PBXGroup;
			children = (
				52AE51E22A94C2AB008BD3B7 /* TaskPerformer */,
				52CC17412A9210E0004B18C4 /* HTTPMethods.swift */,
				52CC17442A92116E004B18C4 /* HTTPRequestExecutor.swift */,
				52AC6B912A93669C00FB2722 /* Result.swift */,
				5298E3912A938C8A0023FD80 /* HTTPStatusMessage.swift */,
			);
			path = HTTPRequestExecutor;
			sourceTree = "<group>";
		};
/* End PBXGroup section */

/* Begin PBXNativeTarget section */
		52A5440A2A8BF229004BCFA9 /* FreemanUrbanStore */ = {
			isa = PBXNativeTarget;
			buildConfigurationList = 52A5441E2A8BF22A004BCFA9 /* Build configuration list for PBXNativeTarget "FreemanUrbanStore" */;
			buildPhases = (
				52A544072A8BF229004BCFA9 /* Sources */,
				52A544082A8BF229004BCFA9 /* Frameworks */,
				52A544092A8BF229004BCFA9 /* Resources */,
			);
			buildRules = (
			);
			dependencies = (
			);
			name = FreemanUrbanStore;
			productName = FreemanUrbanStore;
			productReference = 52A5440B2A8BF229004BCFA9 /* FreemanUrbanStore.app */;
			productType = "com.apple.product-type.application";
		};
/* End PBXNativeTarget section */

/* Begin PBXProject section */
		52A544032A8BF229004BCFA9 /* Project object */ = {
			isa = PBXProject;
			attributes = {
				BuildIndependentTargetsInParallel = 1;
				LastSwiftUpdateCheck = 1430;
				LastUpgradeCheck = 1430;
				TargetAttributes = {
					52A5440A2A8BF229004BCFA9 = {
						CreatedOnToolsVersion = 14.3.1;
					};
				};
			};
			buildConfigurationList = 52A544062A8BF229004BCFA9 /* Build configuration list for PBXProject "FreemanUrbanStore" */;
			compatibilityVersion = "Xcode 14.0";
			developmentRegion = en;
			hasScannedForEncodings = 0;
			knownRegions = (
				en,
				Base,
			);
			mainGroup = 52A544022A8BF229004BCFA9;
			productRefGroup = 52A5440C2A8BF229004BCFA9 /* Products */;
			projectDirPath = "";
			projectRoot = "";
			targets = (
				52A5440A2A8BF229004BCFA9 /* FreemanUrbanStore */,
			);
		};
/* End PBXProject section */

/* Begin PBXResourcesBuildPhase section */
		52A544092A8BF229004BCFA9 /* Resources */ = {
			isa = PBXResourcesBuildPhase;
			buildActionMask = 2147483647;
			files = (
				52A544162A8BF22A004BCFA9 /* Preview Assets.xcassets in Resources */,
				52A544132A8BF22A004BCFA9 /* Assets.xcassets in Resources */,
			);
			runOnlyForDeploymentPostprocessing = 0;
		};
/* End PBXResourcesBuildPhase section */

/* Begin PBXSourcesBuildPhase section */
		52A544072A8BF229004BCFA9 /* Sources */ = {
			isa = PBXSourcesBuildPhase;
			buildActionMask = 2147483647;
			files = (
				526EA6812A94E17F00B4F9DF /* MainViewModel.swift in Sources */,
				52E435EC2A8E021F00547A77 /* OTPView.swift in Sources */,
				52AE51EA2A94C305008BD3B7 /* POSTTaskPerformer.swift in Sources */,
				523FC9ED2A95221A0020BB91 /* AddProductView.swift in Sources */,
				527BC2562A932E3300ADF7AF /* CategoryRepo.swift in Sources */,
				52C570522A8E4C5700048465 /* KeyValue.swift in Sources */,
				52E435E62A8DFF0400547A77 /* SearchView.swift in Sources */,
				529FF71B2A911EDA00F92335 /* ProductDetailView.swift in Sources */,
				52E435E22A8DFEF500547A77 /* CartView.swift in Sources */,
				527B9FF22A8CEF0600A60DF6 /* User.swift in Sources */,
				52F9C9132A8E8D0900950418 /* Review.swift in Sources */,
				52E435EE2A8E098400547A77 /* Navigator.swift in Sources */,
				529FF7192A911D1300F92335 /* FavouriteView.swift in Sources */,
				5241A7132A963A8B0014E794 /* FavouriteRepo.swift in Sources */,
				525281472A95E71700AE81FB /* ProductRepo.swift in Sources */,
				52EEF3172A93A23900DBA343 /* Extensions.swift in Sources */,
				52A544182A8BF22A004BCFA9 /* Persistence.swift in Sources */,
				5298E3922A938C8A0023FD80 /* HTTPStatusMessage.swift in Sources */,
				52CC17452A92116E004B18C4 /* HTTPRequestExecutor.swift in Sources */,
				527B9FEE2A8CED8100A60DF6 /* RegistrationViewModel.swift in Sources */,
				52A5441B2A8BF22A004BCFA9 /* FreemanUrbanStore.xcdatamodeld in Sources */,
				527B9FF42A8CF08100A60DF6 /* Validator.swift in Sources */,
				523FC9EF2A9526AE0020BB91 /* ProductCRUDViewModel.swift in Sources */,
				527BC25B2A932FB000ADF7AF /* Constants.swift in Sources */,
				52A2BA782A8E1D3800B41350 /* SliderView.swift in Sources */,
				52E435E02A8DFEEF00547A77 /* HomeView.swift in Sources */,
				52AC6B922A93669C00FB2722 /* Result.swift in Sources */,
				52472B582A90EDEF0080F93A /* CircularCategoriesView.swift in Sources */,
				52AE51E42A94C2BC008BD3B7 /* TaskPerformerFactory.swift in Sources */,
				52F9C90F2A8E8BFE00950418 /* Product.swift in Sources */,
				527400DB2A8CA29E00053D64 /* RegistrationView.swift in Sources */,
				527BC25D2A93309500ADF7AF /* HomeViewModel.swift in Sources */,
				525281492A95E9E200AE81FB /* ProductRepoImpl.swift in Sources */,
				52C570562A8E5BBC00048465 /* AsyncImageView.swift in Sources */,
				52A5442B2A8BF365004BCFA9 /* LoginView.swift in Sources */,
				523FC9F12A9534D80020BB91 /* ApplicationCache.swift in Sources */,
				52E435DE2A8DF74600547A77 /* MainView.swift in Sources */,
				5298E3902A9379700023FD80 /* EmailManager.swift in Sources */,
				52A5442D2A8BF628004BCFA9 /* CustomColors.swift in Sources */,
				52E855C12A922B0E007E699B /* ReviewCard.swift in Sources */,
				52E435E42A8DFEFC00547A77 /* AccountView.swift in Sources */,
				52AE51E62A94C2DE008BD3B7 /* PerformableTask.swift in Sources */,
				5241A70F2A96399D0014E794 /* CartRepo.swift in Sources */,
				526EA6832A94E34500B4F9DF /* UserDefaultsManager.swift in Sources */,
				52472B5A2A90F9CF0080F93A /* CartProductView.swift in Sources */,
				527400D92A8CA22000053D64 /* CustomViews.swift in Sources */,
				52E435EA2A8E021700547A77 /* ForgotPasswordNewPassView.swift in Sources */,
				52A5442F2A8BFAAD004BCFA9 /* CustomImages.swift in Sources */,
				52AE51E82A94C2F6008BD3B7 /* GETTaskPerformer.swift in Sources */,
				527B9FEC2A8CED7200A60DF6 /* LoginViewModel.swift in Sources */,
				527BC2592A932EA800ADF7AF /* CategoryRepoImpl.swift in Sources */,
				52A5440F2A8BF229004BCFA9 /* FreemanUrbanStoreApp.swift in Sources */,
				5241A7112A9639AD0014E794 /* CartRepoImpl.swift in Sources */,
				5241A7152A963B9A0014E794 /* FavouriteRepoImpl.swift in Sources */,
				52F9C9112A8E8C7E00950418 /* Category.swift in Sources */,
				52CC17422A9210E0004B18C4 /* HTTPMethods.swift in Sources */,
				527B9FF02A8CEEB700A60DF6 /* UserValidator.swift in Sources */,
				52C570542A8E5AE500048465 /* ProductCardView.swift in Sources */,
				52E435E82A8E020C00547A77 /* ForgotPasswordEmailView.swift in Sources */,
			);
			runOnlyForDeploymentPostprocessing = 0;
		};
/* End PBXSourcesBuildPhase section */

/* Begin XCBuildConfiguration section */
		52A5441C2A8BF22A004BCFA9 /* Debug */ = {
			isa = XCBuildConfiguration;
			buildSettings = {
				ALWAYS_SEARCH_USER_PATHS = NO;
				CLANG_ANALYZER_NONNULL = YES;
				CLANG_ANALYZER_NUMBER_OBJECT_CONVERSION = YES_AGGRESSIVE;
				CLANG_CXX_LANGUAGE_STANDARD = "gnu++20";
				CLANG_ENABLE_MODULES = YES;
				CLANG_ENABLE_OBJC_ARC = YES;
				CLANG_ENABLE_OBJC_WEAK = YES;
				CLANG_WARN_BLOCK_CAPTURE_AUTORELEASING = YES;
				CLANG_WARN_BOOL_CONVERSION = YES;
				CLANG_WARN_COMMA = YES;
				CLANG_WARN_CONSTANT_CONVERSION = YES;
				CLANG_WARN_DEPRECATED_OBJC_IMPLEMENTATIONS = YES;
				CLANG_WARN_DIRECT_OBJC_ISA_USAGE = YES_ERROR;
				CLANG_WARN_DOCUMENTATION_COMMENTS = YES;
				CLANG_WARN_EMPTY_BODY = YES;
				CLANG_WARN_ENUM_CONVERSION = YES;
				CLANG_WARN_INFINITE_RECURSION = YES;
				CLANG_WARN_INT_CONVERSION = YES;
				CLANG_WARN_NON_LITERAL_NULL_CONVERSION = YES;
				CLANG_WARN_OBJC_IMPLICIT_RETAIN_SELF = YES;
				CLANG_WARN_OBJC_LITERAL_CONVERSION = YES;
				CLANG_WARN_OBJC_ROOT_CLASS = YES_ERROR;
				CLANG_WARN_QUOTED_INCLUDE_IN_FRAMEWORK_HEADER = YES;
				CLANG_WARN_RANGE_LOOP_ANALYSIS = YES;
				CLANG_WARN_STRICT_PROTOTYPES = YES;
				CLANG_WARN_SUSPICIOUS_MOVE = YES;
				CLANG_WARN_UNGUARDED_AVAILABILITY = YES_AGGRESSIVE;
				CLANG_WARN_UNREACHABLE_CODE = YES;
				CLANG_WARN__DUPLICATE_METHOD_MATCH = YES;
				COPY_PHASE_STRIP = NO;
				DEBUG_INFORMATION_FORMAT = dwarf;
				ENABLE_STRICT_OBJC_MSGSEND = YES;
				ENABLE_TESTABILITY = YES;
				GCC_C_LANGUAGE_STANDARD = gnu11;
				GCC_DYNAMIC_NO_PIC = NO;
				GCC_NO_COMMON_BLOCKS = YES;
				GCC_OPTIMIZATION_LEVEL = 0;
				GCC_PREPROCESSOR_DEFINITIONS = (
					"DEBUG=1",
					"$(inherited)",
				);
				GCC_WARN_64_TO_32_BIT_CONVERSION = YES;
				GCC_WARN_ABOUT_RETURN_TYPE = YES_ERROR;
				GCC_WARN_UNDECLARED_SELECTOR = YES;
				GCC_WARN_UNINITIALIZED_AUTOS = YES_AGGRESSIVE;
				GCC_WARN_UNUSED_FUNCTION = YES;
				GCC_WARN_UNUSED_VARIABLE = YES;
				IPHONEOS_DEPLOYMENT_TARGET = 16.4;
				MTL_ENABLE_DEBUG_INFO = INCLUDE_SOURCE;
				MTL_FAST_MATH = YES;
				ONLY_ACTIVE_ARCH = YES;
				SDKROOT = iphoneos;
				SWIFT_ACTIVE_COMPILATION_CONDITIONS = DEBUG;
				SWIFT_OPTIMIZATION_LEVEL = "-Onone";
			};
			name = Debug;
		};
		52A5441D2A8BF22A004BCFA9 /* Release */ = {
			isa = XCBuildConfiguration;
			buildSettings = {
				ALWAYS_SEARCH_USER_PATHS = NO;
				CLANG_ANALYZER_NONNULL = YES;
				CLANG_ANALYZER_NUMBER_OBJECT_CONVERSION = YES_AGGRESSIVE;
				CLANG_CXX_LANGUAGE_STANDARD = "gnu++20";
				CLANG_ENABLE_MODULES = YES;
				CLANG_ENABLE_OBJC_ARC = YES;
				CLANG_ENABLE_OBJC_WEAK = YES;
				CLANG_WARN_BLOCK_CAPTURE_AUTORELEASING = YES;
				CLANG_WARN_BOOL_CONVERSION = YES;
				CLANG_WARN_COMMA = YES;
				CLANG_WARN_CONSTANT_CONVERSION = YES;
				CLANG_WARN_DEPRECATED_OBJC_IMPLEMENTATIONS = YES;
				CLANG_WARN_DIRECT_OBJC_ISA_USAGE = YES_ERROR;
				CLANG_WARN_DOCUMENTATION_COMMENTS = YES;
				CLANG_WARN_EMPTY_BODY = YES;
				CLANG_WARN_ENUM_CONVERSION = YES;
				CLANG_WARN_INFINITE_RECURSION = YES;
				CLANG_WARN_INT_CONVERSION = YES;
				CLANG_WARN_NON_LITERAL_NULL_CONVERSION = YES;
				CLANG_WARN_OBJC_IMPLICIT_RETAIN_SELF = YES;
				CLANG_WARN_OBJC_LITERAL_CONVERSION = YES;
				CLANG_WARN_OBJC_ROOT_CLASS = YES_ERROR;
				CLANG_WARN_QUOTED_INCLUDE_IN_FRAMEWORK_HEADER = YES;
				CLANG_WARN_RANGE_LOOP_ANALYSIS = YES;
				CLANG_WARN_STRICT_PROTOTYPES = YES;
				CLANG_WARN_SUSPICIOUS_MOVE = YES;
				CLANG_WARN_UNGUARDED_AVAILABILITY = YES_AGGRESSIVE;
				CLANG_WARN_UNREACHABLE_CODE = YES;
				CLANG_WARN__DUPLICATE_METHOD_MATCH = YES;
				COPY_PHASE_STRIP = NO;
				DEBUG_INFORMATION_FORMAT = "dwarf-with-dsym";
				ENABLE_NS_ASSERTIONS = NO;
				ENABLE_STRICT_OBJC_MSGSEND = YES;
				GCC_C_LANGUAGE_STANDARD = gnu11;
				GCC_NO_COMMON_BLOCKS = YES;
				GCC_WARN_64_TO_32_BIT_CONVERSION = YES;
				GCC_WARN_ABOUT_RETURN_TYPE = YES_ERROR;
				GCC_WARN_UNDECLARED_SELECTOR = YES;
				GCC_WARN_UNINITIALIZED_AUTOS = YES_AGGRESSIVE;
				GCC_WARN_UNUSED_FUNCTION = YES;
				GCC_WARN_UNUSED_VARIABLE = YES;
				IPHONEOS_DEPLOYMENT_TARGET = 16.4;
				MTL_ENABLE_DEBUG_INFO = NO;
				MTL_FAST_MATH = YES;
				SDKROOT = iphoneos;
				SWIFT_COMPILATION_MODE = wholemodule;
				SWIFT_OPTIMIZATION_LEVEL = "-O";
				VALIDATE_PRODUCT = YES;
			};
			name = Release;
		};
		52A5441F2A8BF22A004BCFA9 /* Debug */ = {
			isa = XCBuildConfiguration;
			buildSettings = {
				ASSETCATALOG_COMPILER_APPICON_NAME = AppIcon;
				ASSETCATALOG_COMPILER_GLOBAL_ACCENT_COLOR_NAME = AccentColor;
				CODE_SIGN_STYLE = Automatic;
				CURRENT_PROJECT_VERSION = 1;
				DEVELOPMENT_ASSET_PATHS = "\"FreemanUrbanStore/Preview Content\"";
				DEVELOPMENT_TEAM = TL3LSG3X96;
				ENABLE_PREVIEWS = YES;
				GENERATE_INFOPLIST_FILE = YES;
				INFOPLIST_KEY_UIApplicationSceneManifest_Generation = YES;
				INFOPLIST_KEY_UIApplicationSupportsIndirectInputEvents = YES;
				INFOPLIST_KEY_UILaunchScreen_Generation = YES;
				INFOPLIST_KEY_UISupportedInterfaceOrientations_iPad = "UIInterfaceOrientationPortrait UIInterfaceOrientationPortraitUpsideDown UIInterfaceOrientationLandscapeLeft UIInterfaceOrientationLandscapeRight";
				INFOPLIST_KEY_UISupportedInterfaceOrientations_iPhone = "UIInterfaceOrientationPortrait UIInterfaceOrientationLandscapeLeft UIInterfaceOrientationLandscapeRight";
				LD_RUNPATH_SEARCH_PATHS = (
					"$(inherited)",
					"@executable_path/Frameworks",
				);
				MARKETING_VERSION = 1.0;
				PRODUCT_BUNDLE_IDENTIFIER = com.neupanesushantios.FreemanUrbanStore;
				PRODUCT_NAME = "$(TARGET_NAME)";
				SWIFT_EMIT_LOC_STRINGS = YES;
				SWIFT_VERSION = 5.0;
				TARGETED_DEVICE_FAMILY = "1,2";
			};
			name = Debug;
		};
		52A544202A8BF22A004BCFA9 /* Release */ = {
			isa = XCBuildConfiguration;
			buildSettings = {
				ASSETCATALOG_COMPILER_APPICON_NAME = AppIcon;
				ASSETCATALOG_COMPILER_GLOBAL_ACCENT_COLOR_NAME = AccentColor;
				CODE_SIGN_STYLE = Automatic;
				CURRENT_PROJECT_VERSION = 1;
				DEVELOPMENT_ASSET_PATHS = "\"FreemanUrbanStore/Preview Content\"";
				DEVELOPMENT_TEAM = TL3LSG3X96;
				ENABLE_PREVIEWS = YES;
				GENERATE_INFOPLIST_FILE = YES;
				INFOPLIST_KEY_UIApplicationSceneManifest_Generation = YES;
				INFOPLIST_KEY_UIApplicationSupportsIndirectInputEvents = YES;
				INFOPLIST_KEY_UILaunchScreen_Generation = YES;
				INFOPLIST_KEY_UISupportedInterfaceOrientations_iPad = "UIInterfaceOrientationPortrait UIInterfaceOrientationPortraitUpsideDown UIInterfaceOrientationLandscapeLeft UIInterfaceOrientationLandscapeRight";
				INFOPLIST_KEY_UISupportedInterfaceOrientations_iPhone = "UIInterfaceOrientationPortrait UIInterfaceOrientationLandscapeLeft UIInterfaceOrientationLandscapeRight";
				LD_RUNPATH_SEARCH_PATHS = (
					"$(inherited)",
					"@executable_path/Frameworks",
				);
				MARKETING_VERSION = 1.0;
				PRODUCT_BUNDLE_IDENTIFIER = com.neupanesushantios.FreemanUrbanStore;
				PRODUCT_NAME = "$(TARGET_NAME)";
				SWIFT_EMIT_LOC_STRINGS = YES;
				SWIFT_VERSION = 5.0;
				TARGETED_DEVICE_FAMILY = "1,2";
			};
			name = Release;
		};
/* End XCBuildConfiguration section */

/* Begin XCConfigurationList section */
		52A544062A8BF229004BCFA9 /* Build configuration list for PBXProject "FreemanUrbanStore" */ = {
			isa = XCConfigurationList;
			buildConfigurations = (
				52A5441C2A8BF22A004BCFA9 /* Debug */,
				52A5441D2A8BF22A004BCFA9 /* Release */,
			);
			defaultConfigurationIsVisible = 0;
			defaultConfigurationName = Release;
		};
		52A5441E2A8BF22A004BCFA9 /* Build configuration list for PBXNativeTarget "FreemanUrbanStore" */ = {
			isa = XCConfigurationList;
			buildConfigurations = (
				52A5441F2A8BF22A004BCFA9 /* Debug */,
				52A544202A8BF22A004BCFA9 /* Release */,
			);
			defaultConfigurationIsVisible = 0;
			defaultConfigurationName = Release;
		};
/* End XCConfigurationList section */

/* Begin XCVersionGroup section */
		52A544192A8BF22A004BCFA9 /* FreemanUrbanStore.xcdatamodeld */ = {
			isa = XCVersionGroup;
			children = (
				52A5441A2A8BF22A004BCFA9 /* FreemanUrbanStore.xcdatamodel */,
			);
			currentVersion = 52A5441A2A8BF22A004BCFA9 /* FreemanUrbanStore.xcdatamodel */;
			path = FreemanUrbanStore.xcdatamodeld;
			sourceTree = "<group>";
			versionGroupType = wrapper.xcdatamodel;
		};
/* End XCVersionGroup section */
	};
	rootObject = 52A544032A8BF229004BCFA9 /* Project object */;
}
